{
    "name": "图鸟模板-壁纸",
    "version": "1.3.1",
    "lockfileVersion": 1,
    "requires": true,
    "dependencies": {
        "@babel/runtime-corejs2": {
            "version": "7.23.5",
            "resolved": "https://registry.npmmirror.com/@babel/runtime-corejs2/-/runtime-corejs2-7.23.5.tgz",
            "integrity": "sha512-htng2Ks50HN2/hvRU2P6cIzPods3CXaDt0Rf0bhsJc+hD3gaVPreL/UA24jcjqrVRUgu14KucMiCLu6hMjjryQ==",
            "requires": {
                "core-js": "^2.6.12",
                "regenerator-runtime": "^0.14.0"
            }
        },
        "core-js": {
            "version": "2.6.12",
            "resolved": "https://registry.npmmirror.com/core-js/-/core-js-2.6.12.tgz",
            "integrity": "sha512-Kb2wC0fvsWfQrgk8HU5lW6U/Lcs8+9aaYcy4ZFc6DDlo4nZ7n70dEgE5rtR0oG6ufKDUnrwfWL1mXR5ljDatrQ=="
        },
        "qiniu-js": {
            "version": "3.4.1",
            "resolved": "https://registry.npmmirror.com/qiniu-js/-/qiniu-js-3.4.1.tgz",
            "integrity": "sha512-8vxrLqDPlJUk3fUAaTozh3TAT3ww9B5KqGogmGuTiFHnewXDoMxTCSY5z8Ab5UNdrCo6ZxDM07G/o++CICRUFw==",
            "requires": {
                "@babel/runtime-corejs2": "^7.10.2",
                "querystring": "^0.2.1",
                "spark-md5": "^3.0.0"
            }
        },
        "querystring": {
            "version": "0.2.1",
            "resolved": "https://registry.npmmirror.com/querystring/-/querystring-0.2.1.tgz",
            "integrity": "sha512-wkvS7mL/JMugcup3/rMitHmd9ecIGd2lhFhK9N3UUQ450h66d1r3Y9nvXzQAW1Lq+wyx61k/1pfKS5KuKiyEbg=="
        },
        "regenerator-runtime": {
            "version": "0.14.0",
            "resolved": "https://registry.npmmirror.com/regenerator-runtime/-/regenerator-runtime-0.14.0.tgz",
            "integrity": "sha512-srw17NI0TUWHuGa5CFGGmhfNIeja30WMBfbslPNhf6JrqQlLN5gcrvig1oqPxiVaXb0oW0XRKtH6Nngs5lKCIA=="
        },
        "spark-md5": {
            "version": "3.0.2",
            "resolved": "https://registry.npmmirror.com/spark-md5/-/spark-md5-3.0.2.tgz",
            "integrity": "sha512-wcFzz9cDfbuqe0FZzfi2or1sgyIrsDwmPwfZC4hiNidPdPINjeUwNfv5kldczoEAcjl9Y1L3SM7Uz2PUEQzxQw=="
        }
    }
}
